// !$*UTF8*$!
{
	archiveVersion = 1;
	classes = {
	};
	objectVersion = 55;
	objects = {

/* Begin PBXBuildFile section */
		222A2F4D27A42E8C00CC7E83 /* RecipeViewController.swift in Sources */ = {isa = PBXBuildFile; fileRef = 222A2F4C27A42E8C00CC7E83 /* RecipeViewController.swift */; };
		222A2F4F27A42F7600CC7E83 /* DetailViewController.swift in Sources */ = {isa = PBXBuildFile; fileRef = 222A2F4E27A42F7600CC7E83 /* DetailViewController.swift */; };
		222A2F5127A4303C00CC7E83 /* ResultViewController.swift in Sources */ = {isa = PBXBuildFile; fileRef = 222A2F5027A4303C00CC7E83 /* ResultViewController.swift */; };
		222A2F5327A448E600CC7E83 /* EdamamSession.swift in Sources */ = {isa = PBXBuildFile; fileRef = 222A2F5227A448E600CC7E83 /* EdamamSession.swift */; };
		222F868627A088B2002137BB /* EdamamServices.swift in Sources */ = {isa = PBXBuildFile; fileRef = 222F868527A088B2002137BB /* EdamamServices.swift */; };
		222F868D27A0AEEE002137BB /* APIError.swift in Sources */ = {isa = PBXBuildFile; fileRef = 222F868C27A0AEEE002137BB /* APIError.swift */; };
		222F869127A0B22D002137BB /* NetworkLogger.swift in Sources */ = {isa = PBXBuildFile; fileRef = 222F869027A0B22D002137BB /* NetworkLogger.swift */; };
		222F869327A0C08F002137BB /* APIKeys.swift in Sources */ = {isa = PBXBuildFile; fileRef = 222F869227A0C08F002137BB /* APIKeys.swift */; };
		223DEFF927C93A4300135DD8 /* FavoriteViewController.swift in Sources */ = {isa = PBXBuildFile; fileRef = 223DEFF827C93A4300135DD8 /* FavoriteViewController.swift */; };
		223DEFFB27C9446400135DD8 /* CoreDataStack.swift in Sources */ = {isa = PBXBuildFile; fileRef = 223DEFFA27C9446400135DD8 /* CoreDataStack.swift */; };
		223DEFFD27C9448F00135DD8 /* CoreDataManager.swift in Sources */ = {isa = PBXBuildFile; fileRef = 223DEFFC27C9448F00135DD8 /* CoreDataManager.swift */; };
		224CC13B27E8CB0A00C32D55 /* RecipeData.xcdatamodeld in Sources */ = {isa = PBXBuildFile; fileRef = 224CC13927E8CB0A00C32D55 /* RecipeData.xcdatamodeld */; };
		224CC13D27F1E92A00C32D55 /* MockCoreDataStack.swift in Sources */ = {isa = PBXBuildFile; fileRef = 224CC13C27F1E92A00C32D55 /* MockCoreDataStack.swift */; };
		2277D6BE27DA608C00A8C869 /* RecipeDetail.swift in Sources */ = {isa = PBXBuildFile; fileRef = 2277D6BD27DA608C00A8C869 /* RecipeDetail.swift */; };
		2282D8AB279F0E750056D2F3 /* AppDelegate.swift in Sources */ = {isa = PBXBuildFile; fileRef = 2282D8AA279F0E750056D2F3 /* AppDelegate.swift */; };
		2282D8AD279F0E750056D2F3 /* SceneDelegate.swift in Sources */ = {isa = PBXBuildFile; fileRef = 2282D8AC279F0E750056D2F3 /* SceneDelegate.swift */; };
		2282D8AF279F0E750056D2F3 /* ViewController.swift in Sources */ = {isa = PBXBuildFile; fileRef = 2282D8AE279F0E750056D2F3 /* ViewController.swift */; };
		2282D8B2279F0E750056D2F3 /* Main.storyboard in Resources */ = {isa = PBXBuildFile; fileRef = 2282D8B0279F0E750056D2F3 /* Main.storyboard */; };
		2282D8B7279F0E760056D2F3 /* Assets.xcassets in Resources */ = {isa = PBXBuildFile; fileRef = 2282D8B6279F0E760056D2F3 /* Assets.xcassets */; };
		2282D8BA279F0E760056D2F3 /* LaunchScreen.storyboard in Resources */ = {isa = PBXBuildFile; fileRef = 2282D8B8279F0E760056D2F3 /* LaunchScreen.storyboard */; };
		2282D8C5279F0E760056D2F3 /* CoreDataManagerTests.swift in Sources */ = {isa = PBXBuildFile; fileRef = 2282D8C4279F0E760056D2F3 /* CoreDataManagerTests.swift */; };
		2282D8E9279F1A9B0056D2F3 /* EdamamRecipe.swift in Sources */ = {isa = PBXBuildFile; fileRef = 2282D8E8279F1A9B0056D2F3 /* EdamamRecipe.swift */; };
		2283381F27FC98CD006DA599 /* URLProtocolFake.swift in Sources */ = {isa = PBXBuildFile; fileRef = 2283381E27FC98CD006DA599 /* URLProtocolFake.swift */; };
		2283382127FC98F8006DA599 /* FakeResponseData.swift in Sources */ = {isa = PBXBuildFile; fileRef = 2283382027FC98F8006DA599 /* FakeResponseData.swift */; };
		2283382327FC996A006DA599 /* Recipe.json in Resources */ = {isa = PBXBuildFile; fileRef = 2283382227FC996A006DA599 /* Recipe.json */; };
		2283382527FC9A37006DA599 /* RecipeServicesTest.swift in Sources */ = {isa = PBXBuildFile; fileRef = 2283382427FC9A37006DA599 /* RecipeServicesTest.swift */; };
		229CC3C527BAA0F20067F807 /* RecipeTableViewCell.swift in Sources */ = {isa = PBXBuildFile; fileRef = 229CC3C327BAA0F20067F807 /* RecipeTableViewCell.swift */; };
		229CC3C627BAA0F20067F807 /* RecipeTableViewCell.xib in Resources */ = {isa = PBXBuildFile; fileRef = 229CC3C427BAA0F20067F807 /* RecipeTableViewCell.xib */; };
		568415C8DD45266BD2D29EAE /* Pods_Reciplease.framework in Frameworks */ = {isa = PBXBuildFile; fileRef = C6A68EBBFA36AFA73EA2E456 /* Pods_Reciplease.framework */; };
		7D3883F9E89AD6EB950D593C /* Pods_RecipleaseTests.framework in Frameworks */ = {isa = PBXBuildFile; fileRef = 24768AF4B51EE481D4303963 /* Pods_RecipleaseTests.framework */; };
/* End PBXBuildFile section */

/* Begin PBXContainerItemProxy section */
		2282D8C1279F0E760056D2F3 /* PBXContainerItemProxy */ = {
			isa = PBXContainerItemProxy;
			containerPortal = 2282D89F279F0E750056D2F3 /* Project object */;
			proxyType = 1;
			remoteGlobalIDString = 2282D8A6279F0E750056D2F3;
			remoteInfo = Reciplease;
		};
/* End PBXContainerItemProxy section */

/* Begin PBXFileReference section */
		222A2F4C27A42E8C00CC7E83 /* RecipeViewController.swift */ = {isa = PBXFileReference; lastKnownFileType = sourcecode.swift; path = RecipeViewController.swift; sourceTree = "<group>"; };
		222A2F4E27A42F7600CC7E83 /* DetailViewController.swift */ = {isa = PBXFileReference; lastKnownFileType = sourcecode.swift; path = DetailViewController.swift; sourceTree = "<group>"; };
		222A2F5027A4303C00CC7E83 /* ResultViewController.swift */ = {isa = PBXFileReference; lastKnownFileType = sourcecode.swift; path = ResultViewController.swift; sourceTree = "<group>"; };
		222A2F5227A448E600CC7E83 /* EdamamSession.swift */ = {isa = PBXFileReference; lastKnownFileType = sourcecode.swift; path = EdamamSession.swift; sourceTree = "<group>"; };
		222F868527A088B2002137BB /* EdamamServices.swift */ = {isa = PBXFileReference; lastKnownFileType = sourcecode.swift; path = EdamamServices.swift; sourceTree = "<group>"; };
		222F868C27A0AEEE002137BB /* APIError.swift */ = {isa = PBXFileReference; lastKnownFileType = sourcecode.swift; path = APIError.swift; sourceTree = "<group>"; };
		222F869027A0B22D002137BB /* NetworkLogger.swift */ = {isa = PBXFileReference; lastKnownFileType = sourcecode.swift; path = NetworkLogger.swift; sourceTree = "<group>"; };
		222F869227A0C08F002137BB /* APIKeys.swift */ = {isa = PBXFileReference; lastKnownFileType = sourcecode.swift; path = APIKeys.swift; sourceTree = "<group>"; };
		223DEFF827C93A4300135DD8 /* FavoriteViewController.swift */ = {isa = PBXFileReference; lastKnownFileType = sourcecode.swift; path = FavoriteViewController.swift; sourceTree = "<group>"; };
		223DEFFA27C9446400135DD8 /* CoreDataStack.swift */ = {isa = PBXFileReference; lastKnownFileType = sourcecode.swift; path = CoreDataStack.swift; sourceTree = "<group>"; };
		223DEFFC27C9448F00135DD8 /* CoreDataManager.swift */ = {isa = PBXFileReference; lastKnownFileType = sourcecode.swift; path = CoreDataManager.swift; sourceTree = "<group>"; };
		224CC13A27E8CB0A00C32D55 /* CoreData.xcdatamodel */ = {isa = PBXFileReference; lastKnownFileType = wrapper.xcdatamodel; path = CoreData.xcdatamodel; sourceTree = "<group>"; };
		224CC13C27F1E92A00C32D55 /* MockCoreDataStack.swift */ = {isa = PBXFileReference; lastKnownFileType = sourcecode.swift; path = MockCoreDataStack.swift; sourceTree = "<group>"; };
		2277D6BD27DA608C00A8C869 /* RecipeDetail.swift */ = {isa = PBXFileReference; lastKnownFileType = sourcecode.swift; path = RecipeDetail.swift; sourceTree = "<group>"; };
		2282D8A7279F0E750056D2F3 /* Reciplease.app */ = {isa = PBXFileReference; explicitFileType = wrapper.application; includeInIndex = 0; path = Reciplease.app; sourceTree = BUILT_PRODUCTS_DIR; };
		2282D8AA279F0E750056D2F3 /* AppDelegate.swift */ = {isa = PBXFileReference; lastKnownFileType = sourcecode.swift; path = AppDelegate.swift; sourceTree = "<group>"; };
		2282D8AC279F0E750056D2F3 /* SceneDelegate.swift */ = {isa = PBXFileReference; lastKnownFileType = sourcecode.swift; path = SceneDelegate.swift; sourceTree = "<group>"; };
		2282D8AE279F0E750056D2F3 /* ViewController.swift */ = {isa = PBXFileReference; lastKnownFileType = sourcecode.swift; path = ViewController.swift; sourceTree = "<group>"; };
		2282D8B1279F0E750056D2F3 /* Base */ = {isa = PBXFileReference; lastKnownFileType = file.storyboard; name = Base; path = Base.lproj/Main.storyboard; sourceTree = "<group>"; };
		2282D8B6279F0E760056D2F3 /* Assets.xcassets */ = {isa = PBXFileReference; lastKnownFileType = folder.assetcatalog; path = Assets.xcassets; sourceTree = "<group>"; };
		2282D8B9279F0E760056D2F3 /* Base */ = {isa = PBXFileReference; lastKnownFileType = file.storyboard; name = Base; path = Base.lproj/LaunchScreen.storyboard; sourceTree = "<group>"; };
		2282D8BB279F0E760056D2F3 /* Info.plist */ = {isa = PBXFileReference; lastKnownFileType = text.plist.xml; path = Info.plist; sourceTree = "<group>"; };
		2282D8C0279F0E760056D2F3 /* RecipleaseTests.xctest */ = {isa = PBXFileReference; explicitFileType = wrapper.cfbundle; includeInIndex = 0; path = RecipleaseTests.xctest; sourceTree = BUILT_PRODUCTS_DIR; };
		2282D8C4279F0E760056D2F3 /* CoreDataManagerTests.swift */ = {isa = PBXFileReference; lastKnownFileType = sourcecode.swift; path = CoreDataManagerTests.swift; sourceTree = "<group>"; };
		2282D8E8279F1A9B0056D2F3 /* EdamamRecipe.swift */ = {isa = PBXFileReference; lastKnownFileType = sourcecode.swift; path = EdamamRecipe.swift; sourceTree = "<group>"; };
		2283381E27FC98CD006DA599 /* URLProtocolFake.swift */ = {isa = PBXFileReference; lastKnownFileType = sourcecode.swift; path = URLProtocolFake.swift; sourceTree = "<group>"; };
		2283382027FC98F8006DA599 /* FakeResponseData.swift */ = {isa = PBXFileReference; lastKnownFileType = sourcecode.swift; path = FakeResponseData.swift; sourceTree = "<group>"; };
		2283382227FC996A006DA599 /* Recipe.json */ = {isa = PBXFileReference; lastKnownFileType = text.json; path = Recipe.json; sourceTree = "<group>"; };
		2283382427FC9A37006DA599 /* RecipeServicesTest.swift */ = {isa = PBXFileReference; lastKnownFileType = sourcecode.swift; path = RecipeServicesTest.swift; sourceTree = "<group>"; };
		229CC3C327BAA0F20067F807 /* RecipeTableViewCell.swift */ = {isa = PBXFileReference; lastKnownFileType = sourcecode.swift; path = RecipeTableViewCell.swift; sourceTree = "<group>"; };
		229CC3C427BAA0F20067F807 /* RecipeTableViewCell.xib */ = {isa = PBXFileReference; lastKnownFileType = file.xib; path = RecipeTableViewCell.xib; sourceTree = "<group>"; };
		24768AF4B51EE481D4303963 /* Pods_RecipleaseTests.framework */ = {isa = PBXFileReference; explicitFileType = wrapper.framework; includeInIndex = 0; path = Pods_RecipleaseTests.framework; sourceTree = BUILT_PRODUCTS_DIR; };
		2E7BAB9BC7D33DDDE10E1E8A /* Pods-RecipleaseTests.debug.xcconfig */ = {isa = PBXFileReference; includeInIndex = 1; lastKnownFileType = text.xcconfig; name = "Pods-RecipleaseTests.debug.xcconfig"; path = "Target Support Files/Pods-RecipleaseTests/Pods-RecipleaseTests.debug.xcconfig"; sourceTree = "<group>"; };
		675E8CBD1E8052C95C308691 /* Pods-RecipleaseTests.release.xcconfig */ = {isa = PBXFileReference; includeInIndex = 1; lastKnownFileType = text.xcconfig; name = "Pods-RecipleaseTests.release.xcconfig"; path = "Target Support Files/Pods-RecipleaseTests/Pods-RecipleaseTests.release.xcconfig"; sourceTree = "<group>"; };
		C3C3412EF0E1F40B168ECEEE /* Pods-Reciplease.release.xcconfig */ = {isa = PBXFileReference; includeInIndex = 1; lastKnownFileType = text.xcconfig; name = "Pods-Reciplease.release.xcconfig"; path = "Target Support Files/Pods-Reciplease/Pods-Reciplease.release.xcconfig"; sourceTree = "<group>"; };
		C6A68EBBFA36AFA73EA2E456 /* Pods_Reciplease.framework */ = {isa = PBXFileReference; explicitFileType = wrapper.framework; includeInIndex = 0; path = Pods_Reciplease.framework; sourceTree = BUILT_PRODUCTS_DIR; };
		D90B8880830E51E966AC5C93 /* Pods-Reciplease.debug.xcconfig */ = {isa = PBXFileReference; includeInIndex = 1; lastKnownFileType = text.xcconfig; name = "Pods-Reciplease.debug.xcconfig"; path = "Target Support Files/Pods-Reciplease/Pods-Reciplease.debug.xcconfig"; sourceTree = "<group>"; };
/* End PBXFileReference section */

/* Begin PBXFrameworksBuildPhase section */
		2282D8A4279F0E750056D2F3 /* Frameworks */ = {
			isa = PBXFrameworksBuildPhase;
			buildActionMask = 2147483647;
			files = (
				568415C8DD45266BD2D29EAE /* Pods_Reciplease.framework in Frameworks */,
			);
			runOnlyForDeploymentPostprocessing = 0;
		};
		2282D8BD279F0E760056D2F3 /* Frameworks */ = {
			isa = PBXFrameworksBuildPhase;
			buildActionMask = 2147483647;
			files = (
				7D3883F9E89AD6EB950D593C /* Pods_RecipleaseTests.framework in Frameworks */,
			);
			runOnlyForDeploymentPostprocessing = 0;
		};
/* End PBXFrameworksBuildPhase section */

/* Begin PBXGroup section */
		12A938CABBA9F7846888FEE8 /* Frameworks */ = {
			isa = PBXGroup;
			children = (
				C6A68EBBFA36AFA73EA2E456 /* Pods_Reciplease.framework */,
				24768AF4B51EE481D4303963 /* Pods_RecipleaseTests.framework */,
			);
			name = Frameworks;
			sourceTree = "<group>";
		};
		2282D89E279F0E750056D2F3 = {
			isa = PBXGroup;
			children = (
				2282D8A9279F0E750056D2F3 /* Reciplease */,
				2282D8A8279F0E750056D2F3 /* Products */,
				B77C369CB164246ABCB7DBA5 /* Pods */,
				12A938CABBA9F7846888FEE8 /* Frameworks */,
			);
			sourceTree = "<group>";
		};
		2282D8A8279F0E750056D2F3 /* Products */ = {
			isa = PBXGroup;
			children = (
				2282D8A7279F0E750056D2F3 /* Reciplease.app */,
				2282D8C0279F0E760056D2F3 /* RecipleaseTests.xctest */,
			);
			name = Products;
			sourceTree = "<group>";
		};
		2282D8A9279F0E750056D2F3 /* Reciplease */ = {
			isa = PBXGroup;
			children = (
				2282D8AA279F0E750056D2F3 /* AppDelegate.swift */,
				2282D8AC279F0E750056D2F3 /* SceneDelegate.swift */,
				222F869227A0C08F002137BB /* APIKeys.swift */,
				2282D8DF279F0FAB0056D2F3 /* Controller */,
				2282D8DD279F0EFA0056D2F3 /* View */,
				2282D8B6279F0E760056D2F3 /* Assets.xcassets */,
				2282D8B8279F0E760056D2F3 /* LaunchScreen.storyboard */,
				2282D8DE279F0F9C0056D2F3 /* Model */,
				2282D8BB279F0E760056D2F3 /* Info.plist */,
				2282D8C3279F0E760056D2F3 /* RecipleaseTests */,
			);
			path = Reciplease;
			sourceTree = "<group>";
		};
		2282D8C3279F0E760056D2F3 /* RecipleaseTests */ = {
			isa = PBXGroup;
			children = (
				2283381D27FC98AD006DA599 /* Helpers */,
				224CC13C27F1E92A00C32D55 /* MockCoreDataStack.swift */,
				2282D8C4279F0E760056D2F3 /* CoreDataManagerTests.swift */,
			);
			path = RecipleaseTests;
			sourceTree = "<group>";
		};
		2282D8DD279F0EFA0056D2F3 /* View */ = {
			isa = PBXGroup;
			children = (
				2282D8B0279F0E750056D2F3 /* Main.storyboard */,
				229CC3C427BAA0F20067F807 /* RecipeTableViewCell.xib */,
				229CC3C327BAA0F20067F807 /* RecipeTableViewCell.swift */,
			);
			path = View;
			sourceTree = "<group>";
		};
		2282D8DE279F0F9C0056D2F3 /* Model */ = {
			isa = PBXGroup;
			children = (
				222A2F5227A448E600CC7E83 /* EdamamSession.swift */,
				222F868527A088B2002137BB /* EdamamServices.swift */,
				2282D8E8279F1A9B0056D2F3 /* EdamamRecipe.swift */,
				222F869027A0B22D002137BB /* NetworkLogger.swift */,
				222F868C27A0AEEE002137BB /* APIError.swift */,
				223DEFFA27C9446400135DD8 /* CoreDataStack.swift */,
				223DEFFC27C9448F00135DD8 /* CoreDataManager.swift */,
				2277D6BD27DA608C00A8C869 /* RecipeDetail.swift */,
				224CC13927E8CB0A00C32D55 /* RecipeData.xcdatamodeld */,
			);
			path = Model;
			sourceTree = "<group>";
		};
		2282D8DF279F0FAB0056D2F3 /* Controller */ = {
			isa = PBXGroup;
			children = (
				2282D8AE279F0E750056D2F3 /* ViewController.swift */,
				222A2F4C27A42E8C00CC7E83 /* RecipeViewController.swift */,
				222A2F5027A4303C00CC7E83 /* ResultViewController.swift */,
				222A2F4E27A42F7600CC7E83 /* DetailViewController.swift */,
				223DEFF827C93A4300135DD8 /* FavoriteViewController.swift */,
			);
			path = Controller;
			sourceTree = "<group>";
		};
		2283381D27FC98AD006DA599 /* Helpers */ = {
			isa = PBXGroup;
			children = (
				2283381E27FC98CD006DA599 /* URLProtocolFake.swift */,
				2283382027FC98F8006DA599 /* FakeResponseData.swift */,
				2283382227FC996A006DA599 /* Recipe.json */,
				2283382427FC9A37006DA599 /* RecipeServicesTest.swift */,
			);
			path = Helpers;
			sourceTree = "<group>";
		};
		B77C369CB164246ABCB7DBA5 /* Pods */ = {
			isa = PBXGroup;
			children = (
				D90B8880830E51E966AC5C93 /* Pods-Reciplease.debug.xcconfig */,
				C3C3412EF0E1F40B168ECEEE /* Pods-Reciplease.release.xcconfig */,
				2E7BAB9BC7D33DDDE10E1E8A /* Pods-RecipleaseTests.debug.xcconfig */,
				675E8CBD1E8052C95C308691 /* Pods-RecipleaseTests.release.xcconfig */,
			);
			path = Pods;
			sourceTree = "<group>";
		};
/* End PBXGroup section */

/* Begin PBXNativeTarget section */
		2282D8A6279F0E750056D2F3 /* Reciplease */ = {
			isa = PBXNativeTarget;
			buildConfigurationList = 2282D8D4279F0E760056D2F3 /* Build configuration list for PBXNativeTarget "Reciplease" */;
			buildPhases = (
				287E431331231C5BA239F650 /* [CP] Check Pods Manifest.lock */,
				2282D8A3279F0E750056D2F3 /* Sources */,
				2282D8A4279F0E750056D2F3 /* Frameworks */,
				2282D8A5279F0E750056D2F3 /* Resources */,
				34EAAA99CE84B13C4FAAF888 /* [CP] Embed Pods Frameworks */,
			);
			buildRules = (
			);
			dependencies = (
			);
			name = Reciplease;
			productName = Reciplease;
			productReference = 2282D8A7279F0E750056D2F3 /* Reciplease.app */;
			productType = "com.apple.product-type.application";
		};
		2282D8BF279F0E760056D2F3 /* RecipleaseTests */ = {
			isa = PBXNativeTarget;
			buildConfigurationList = 2282D8D7279F0E760056D2F3 /* Build configuration list for PBXNativeTarget "RecipleaseTests" */;
			buildPhases = (
				B607811BD82651A80B54A95E /* [CP] Check Pods Manifest.lock */,
				2282D8BC279F0E760056D2F3 /* Sources */,
				2282D8BD279F0E760056D2F3 /* Frameworks */,
				2282D8BE279F0E760056D2F3 /* Resources */,
			);
			buildRules = (
			);
			dependencies = (
				2282D8C2279F0E760056D2F3 /* PBXTargetDependency */,
			);
			name = RecipleaseTests;
			productName = RecipleaseTests;
			productReference = 2282D8C0279F0E760056D2F3 /* RecipleaseTests.xctest */;
			productType = "com.apple.product-type.bundle.unit-test";
		};
/* End PBXNativeTarget section */

/* Begin PBXProject section */
		2282D89F279F0E750056D2F3 /* Project object */ = {
			isa = PBXProject;
			attributes = {
				BuildIndependentTargetsInParallel = 1;
				LastSwiftUpdateCheck = 1310;
				LastUpgradeCheck = 1310;
				TargetAttributes = {
					2282D8A6279F0E750056D2F3 = {
						CreatedOnToolsVersion = 13.1;
					};
					2282D8BF279F0E760056D2F3 = {
						CreatedOnToolsVersion = 13.1;
						TestTargetID = 2282D8A6279F0E750056D2F3;
					};
				};
			};
			buildConfigurationList = 2282D8A2279F0E750056D2F3 /* Build configuration list for PBXProject "Reciplease" */;
			compatibilityVersion = "Xcode 13.0";
			developmentRegion = en;
			hasScannedForEncodings = 0;
			knownRegions = (
				en,
				Base,
			);
			mainGroup = 2282D89E279F0E750056D2F3;
			productRefGroup = 2282D8A8279F0E750056D2F3 /* Products */;
			projectDirPath = "";
			projectRoot = "";
			targets = (
				2282D8A6279F0E750056D2F3 /* Reciplease */,
				2282D8BF279F0E760056D2F3 /* RecipleaseTests */,
			);
		};
/* End PBXProject section */

/* Begin PBXResourcesBuildPhase section */
		2282D8A5279F0E750056D2F3 /* Resources */ = {
			isa = PBXResourcesBuildPhase;
			buildActionMask = 2147483647;
			files = (
				2282D8BA279F0E760056D2F3 /* LaunchScreen.storyboard in Resources */,
				2282D8B7279F0E760056D2F3 /* Assets.xcassets in Resources */,
				229CC3C627BAA0F20067F807 /* RecipeTableViewCell.xib in Resources */,
				2282D8B2279F0E750056D2F3 /* Main.storyboard in Resources */,
				2283382327FC996A006DA599 /* Recipe.json in Resources */,
			);
			runOnlyForDeploymentPostprocessing = 0;
		};
		2282D8BE279F0E760056D2F3 /* Resources */ = {
			isa = PBXResourcesBuildPhase;
			buildActionMask = 2147483647;
			files = (
			);
			runOnlyForDeploymentPostprocessing = 0;
		};
/* End PBXResourcesBuildPhase section */

/* Begin PBXShellScriptBuildPhase section */
		287E431331231C5BA239F650 /* [CP] Check Pods Manifest.lock */ = {
			isa = PBXShellScriptBuildPhase;
			buildActionMask = 2147483647;
			files = (
			);
			inputFileListPaths = (
			);
			inputPaths = (
				"${PODS_PODFILE_DIR_PATH}/Podfile.lock",
				"${PODS_ROOT}/Manifest.lock",
			);
			name = "[CP] Check Pods Manifest.lock";
			outputFileListPaths = (
			);
			outputPaths = (
				"$(DERIVED_FILE_DIR)/Pods-Reciplease-checkManifestLockResult.txt",
			);
			runOnlyForDeploymentPostprocessing = 0;
			shellPath = /bin/sh;
			shellScript = "diff \"${PODS_PODFILE_DIR_PATH}/Podfile.lock\" \"${PODS_ROOT}/Manifest.lock\" > /dev/null\nif [ $? != 0 ] ; then\n    # print error to STDERR\n    echo \"error: The sandbox is not in sync with the Podfile.lock. Run 'pod install' or update your CocoaPods installation.\" >&2\n    exit 1\nfi\n# This output is used by Xcode 'outputs' to avoid re-running this script phase.\necho \"SUCCESS\" > \"${SCRIPT_OUTPUT_FILE_0}\"\n";
			showEnvVarsInLog = 0;
		};
		34EAAA99CE84B13C4FAAF888 /* [CP] Embed Pods Frameworks */ = {
			isa = PBXShellScriptBuildPhase;
			buildActionMask = 2147483647;
			files = (
			);
			inputFileListPaths = (
				"${PODS_ROOT}/Target Support Files/Pods-Reciplease/Pods-Reciplease-frameworks-${CONFIGURATION}-input-files.xcfilelist",
			);
			name = "[CP] Embed Pods Frameworks";
			outputFileListPaths = (
				"${PODS_ROOT}/Target Support Files/Pods-Reciplease/Pods-Reciplease-frameworks-${CONFIGURATION}-output-files.xcfilelist",
			);
			runOnlyForDeploymentPostprocessing = 0;
			shellPath = /bin/sh;
			shellScript = "\"${PODS_ROOT}/Target Support Files/Pods-Reciplease/Pods-Reciplease-frameworks.sh\"\n";
			showEnvVarsInLog = 0;
		};
		B607811BD82651A80B54A95E /* [CP] Check Pods Manifest.lock */ = {
			isa = PBXShellScriptBuildPhase;
			buildActionMask = 2147483647;
			files = (
			);
			inputFileListPaths = (
			);
			inputPaths = (
				"${PODS_PODFILE_DIR_PATH}/Podfile.lock",
				"${PODS_ROOT}/Manifest.lock",
			);
			name = "[CP] Check Pods Manifest.lock";
			outputFileListPaths = (
			);
			outputPaths = (
				"$(DERIVED_FILE_DIR)/Pods-RecipleaseTests-checkManifestLockResult.txt",
			);
			runOnlyForDeploymentPostprocessing = 0;
			shellPath = /bin/sh;
			shellScript = "diff \"${PODS_PODFILE_DIR_PATH}/Podfile.lock\" \"${PODS_ROOT}/Manifest.lock\" > /dev/null\nif [ $? != 0 ] ; then\n    # print error to STDERR\n    echo \"error: The sandbox is not in sync with the Podfile.lock. Run 'pod install' or update your CocoaPods installation.\" >&2\n    exit 1\nfi\n# This output is used by Xcode 'outputs' to avoid re-running this script phase.\necho \"SUCCESS\" > \"${SCRIPT_OUTPUT_FILE_0}\"\n";
			showEnvVarsInLog = 0;
		};
/* End PBXShellScriptBuildPhase section */

/* Begin PBXSourcesBuildPhase section */
		2282D8A3279F0E750056D2F3 /* Sources */ = {
			isa = PBXSourcesBuildPhase;
			buildActionMask = 2147483647;
			files = (
				222F869327A0C08F002137BB /* APIKeys.swift in Sources */,
				2282D8E9279F1A9B0056D2F3 /* EdamamRecipe.swift in Sources */,
				223DEFFD27C9448F00135DD8 /* CoreDataManager.swift in Sources */,
				223DEFFB27C9446400135DD8 /* CoreDataStack.swift in Sources */,
				2282D8AF279F0E750056D2F3 /* ViewController.swift in Sources */,
				2277D6BE27DA608C00A8C869 /* RecipeDetail.swift in Sources */,
				224CC13D27F1E92A00C32D55 /* MockCoreDataStack.swift in Sources */,
				222A2F5127A4303C00CC7E83 /* ResultViewController.swift in Sources */,
				2283381F27FC98CD006DA599 /* URLProtocolFake.swift in Sources */,
				222F868627A088B2002137BB /* EdamamServices.swift in Sources */,
				222A2F5327A448E600CC7E83 /* EdamamSession.swift in Sources */,
				2282D8AB279F0E750056D2F3 /* AppDelegate.swift in Sources */,
				222A2F4D27A42E8C00CC7E83 /* RecipeViewController.swift in Sources */,
				229CC3C527BAA0F20067F807 /* RecipeTableViewCell.swift in Sources */,
				222A2F4F27A42F7600CC7E83 /* DetailViewController.swift in Sources */,
				223DEFF927C93A4300135DD8 /* FavoriteViewController.swift in Sources */,
				2282D8AD279F0E750056D2F3 /* SceneDelegate.swift in Sources */,
				2283382127FC98F8006DA599 /* FakeResponseData.swift in Sources */,
				222F868D27A0AEEE002137BB /* APIError.swift in Sources */,
				222F869127A0B22D002137BB /* NetworkLogger.swift in Sources */,
				224CC13B27E8CB0A00C32D55 /* RecipeData.xcdatamodeld in Sources */,
			);
			runOnlyForDeploymentPostprocessing = 0;
		};
		2282D8BC279F0E760056D2F3 /* Sources */ = {
			isa = PBXSourcesBuildPhase;
			buildActionMask = 2147483647;
			files = (
				2282D8C5279F0E760056D2F3 /* CoreDataManagerTests.swift in Sources */,
				2283382527FC9A37006DA599 /* RecipeServicesTest.swift in Sources */,
			);
			runOnlyForDeploymentPostprocessing = 0;
		};
/* End PBXSourcesBuildPhase section */

/* Begin PBXTargetDependency section */
		2282D8C2279F0E760056D2F3 /* PBXTargetDependency */ = {
			isa = PBXTargetDependency;
			target = 2282D8A6279F0E750056D2F3 /* Reciplease */;
			targetProxy = 2282D8C1279F0E760056D2F3 /* PBXContainerItemProxy */;
		};
/* End PBXTargetDependency section */

/* Begin PBXVariantGroup section */
		2282D8B0279F0E750056D2F3 /* Main.storyboard */ = {
			isa = PBXVariantGroup;
			children = (
				2282D8B1279F0E750056D2F3 /* Base */,
			);
			name = Main.storyboard;
			sourceTree = "<group>";
		};
		2282D8B8279F0E760056D2F3 /* LaunchScreen.storyboard */ = {
			isa = PBXVariantGroup;
			children = (
				2282D8B9279F0E760056D2F3 /* Base */,
			);
			name = LaunchScreen.storyboard;
			sourceTree = "<group>";
		};
/* End PBXVariantGroup section */

/* Begin XCBuildConfiguration section */
		2282D8D2279F0E760056D2F3 /* Debug */ = {
			isa = XCBuildConfiguration;
			buildSettings = {
				ALWAYS_SEARCH_USER_PATHS = NO;
				CLANG_ANALYZER_NONNULL = YES;
				CLANG_ANALYZER_NUMBER_OBJECT_CONVERSION = YES_AGGRESSIVE;
				CLANG_CXX_LANGUAGE_STANDARD = "gnu++17";
				CLANG_CXX_LIBRARY = "libc++";
				CLANG_ENABLE_MODULES = YES;
				CLANG_ENABLE_OBJC_ARC = YES;
				CLANG_ENABLE_OBJC_WEAK = YES;
				CLANG_WARN_BLOCK_CAPTURE_AUTORELEASING = YES;
				CLANG_WARN_BOOL_CONVERSION = YES;
				CLANG_WARN_COMMA = YES;
				CLANG_WARN_CONSTANT_CONVERSION = YES;
				CLANG_WARN_DEPRECATED_OBJC_IMPLEMENTATIONS = YES;
				CLANG_WARN_DIRECT_OBJC_ISA_USAGE = YES_ERROR;
				CLANG_WARN_DOCUMENTATION_COMMENTS = YES;
				CLANG_WARN_EMPTY_BODY = YES;
				CLANG_WARN_ENUM_CONVERSION = YES;
				CLANG_WARN_INFINITE_RECURSION = YES;
				CLANG_WARN_INT_CONVERSION = YES;
				CLANG_WARN_NON_LITERAL_NULL_CONVERSION = YES;
				CLANG_WARN_OBJC_IMPLICIT_RETAIN_SELF = YES;
				CLANG_WARN_OBJC_LITERAL_CONVERSION = YES;
				CLANG_WARN_OBJC_ROOT_CLASS = YES_ERROR;
				CLANG_WARN_QUOTED_INCLUDE_IN_FRAMEWORK_HEADER = YES;
				CLANG_WARN_RANGE_LOOP_ANALYSIS = YES;
				CLANG_WARN_STRICT_PROTOTYPES = YES;
				CLANG_WARN_SUSPICIOUS_MOVE = YES;
				CLANG_WARN_UNGUARDED_AVAILABILITY = YES_AGGRESSIVE;
				CLANG_WARN_UNREACHABLE_CODE = YES;
				CLANG_WARN__DUPLICATE_METHOD_MATCH = YES;
				COPY_PHASE_STRIP = NO;
				DEBUG_INFORMATION_FORMAT = dwarf;
				ENABLE_STRICT_OBJC_MSGSEND = YES;
				ENABLE_TESTABILITY = YES;
				GCC_C_LANGUAGE_STANDARD = gnu11;
				GCC_DYNAMIC_NO_PIC = NO;
				GCC_NO_COMMON_BLOCKS = YES;
				GCC_OPTIMIZATION_LEVEL = 0;
				GCC_PREPROCESSOR_DEFINITIONS = (
					"DEBUG=1",
					"$(inherited)",
				);
				GCC_WARN_64_TO_32_BIT_CONVERSION = YES;
				GCC_WARN_ABOUT_RETURN_TYPE = YES_ERROR;
				GCC_WARN_UNDECLARED_SELECTOR = YES;
				GCC_WARN_UNINITIALIZED_AUTOS = YES_AGGRESSIVE;
				GCC_WARN_UNUSED_FUNCTION = YES;
				GCC_WARN_UNUSED_VARIABLE = YES;
				IPHONEOS_DEPLOYMENT_TARGET = 15.0;
				MTL_ENABLE_DEBUG_INFO = INCLUDE_SOURCE;
				MTL_FAST_MATH = YES;
				ONLY_ACTIVE_ARCH = YES;
				SDKROOT = iphoneos;
				SWIFT_ACTIVE_COMPILATION_CONDITIONS = DEBUG;
				SWIFT_OPTIMIZATION_LEVEL = "-Onone";
			};
			name = Debug;
		};
		2282D8D3279F0E760056D2F3 /* Release */ = {
			isa = XCBuildConfiguration;
			buildSettings = {
				ALWAYS_SEARCH_USER_PATHS = NO;
				CLANG_ANALYZER_NONNULL = YES;
				CLANG_ANALYZER_NUMBER_OBJECT_CONVERSION = YES_AGGRESSIVE;
				CLANG_CXX_LANGUAGE_STANDARD = "gnu++17";
				CLANG_CXX_LIBRARY = "libc++";
				CLANG_ENABLE_MODULES = YES;
				CLANG_ENABLE_OBJC_ARC = YES;
				CLANG_ENABLE_OBJC_WEAK = YES;
				CLANG_WARN_BLOCK_CAPTURE_AUTORELEASING = YES;
				CLANG_WARN_BOOL_CONVERSION = YES;
				CLANG_WARN_COMMA = YES;
				CLANG_WARN_CONSTANT_CONVERSION = YES;
				CLANG_WARN_DEPRECATED_OBJC_IMPLEMENTATIONS = YES;
				CLANG_WARN_DIRECT_OBJC_ISA_USAGE = YES_ERROR;
				CLANG_WARN_DOCUMENTATION_COMMENTS = YES;
				CLANG_WARN_EMPTY_BODY = YES;
				CLANG_WARN_ENUM_CONVERSION = YES;
				CLANG_WARN_INFINITE_RECURSION = YES;
				CLANG_WARN_INT_CONVERSION = YES;
				CLANG_WARN_NON_LITERAL_NULL_CONVERSION = YES;
				CLANG_WARN_OBJC_IMPLICIT_RETAIN_SELF = YES;
				CLANG_WARN_OBJC_LITERAL_CONVERSION = YES;
				CLANG_WARN_OBJC_ROOT_CLASS = YES_ERROR;
				CLANG_WARN_QUOTED_INCLUDE_IN_FRAMEWORK_HEADER = YES;
				CLANG_WARN_RANGE_LOOP_ANALYSIS = YES;
				CLANG_WARN_STRICT_PROTOTYPES = YES;
				CLANG_WARN_SUSPICIOUS_MOVE = YES;
				CLANG_WARN_UNGUARDED_AVAILABILITY = YES_AGGRESSIVE;
				CLANG_WARN_UNREACHABLE_CODE = YES;
				CLANG_WARN__DUPLICATE_METHOD_MATCH = YES;
				COPY_PHASE_STRIP = NO;
				DEBUG_INFORMATION_FORMAT = "dwarf-with-dsym";
				ENABLE_NS_ASSERTIONS = NO;
				ENABLE_STRICT_OBJC_MSGSEND = YES;
				GCC_C_LANGUAGE_STANDARD = gnu11;
				GCC_NO_COMMON_BLOCKS = YES;
				GCC_WARN_64_TO_32_BIT_CONVERSION = YES;
				GCC_WARN_ABOUT_RETURN_TYPE = YES_ERROR;
				GCC_WARN_UNDECLARED_SELECTOR = YES;
				GCC_WARN_UNINITIALIZED_AUTOS = YES_AGGRESSIVE;
				GCC_WARN_UNUSED_FUNCTION = YES;
				GCC_WARN_UNUSED_VARIABLE = YES;
				IPHONEOS_DEPLOYMENT_TARGET = 15.0;
				MTL_ENABLE_DEBUG_INFO = NO;
				MTL_FAST_MATH = YES;
				SDKROOT = iphoneos;
				SWIFT_COMPILATION_MODE = wholemodule;
				SWIFT_OPTIMIZATION_LEVEL = "-O";
				VALIDATE_PRODUCT = YES;
			};
			name = Release;
		};
		2282D8D5279F0E760056D2F3 /* Debug */ = {
			isa = XCBuildConfiguration;
			baseConfigurationReference = D90B8880830E51E966AC5C93 /* Pods-Reciplease.debug.xcconfig */;
			buildSettings = {
				ASSETCATALOG_COMPILER_APPICON_NAME = AppIcon;
				ASSETCATALOG_COMPILER_GLOBAL_ACCENT_COLOR_NAME = AccentColor;
				CODE_SIGN_STYLE = Automatic;
				CURRENT_PROJECT_VERSION = 1;
				DEVELOPMENT_TEAM = THWH45D288;
				GENERATE_INFOPLIST_FILE = YES;
				INFOPLIST_FILE = Reciplease/Info.plist;
				INFOPLIST_KEY_CFBundleDisplayName = Reciplease;
				INFOPLIST_KEY_UIApplicationSupportsIndirectInputEvents = YES;
				INFOPLIST_KEY_UILaunchStoryboardName = LaunchScreen;
				INFOPLIST_KEY_UIMainStoryboardFile = Main;
				INFOPLIST_KEY_UISupportedInterfaceOrientations = UIInterfaceOrientationPortrait;
				INFOPLIST_KEY_UISupportedInterfaceOrientations_iPad = "UIInterfaceOrientationPortrait UIInterfaceOrientationPortraitUpsideDown UIInterfaceOrientationLandscapeLeft UIInterfaceOrientationLandscapeRight";
				INFOPLIST_KEY_UISupportedInterfaceOrientations_iPhone = "UIInterfaceOrientationPortrait UIInterfaceOrientationLandscapeLeft UIInterfaceOrientationLandscapeRight";
				LD_RUNPATH_SEARCH_PATHS = (
					"$(inherited)",
					"@executable_path/Frameworks",
				);
				MARKETING_VERSION = 1.0;
				PRODUCT_BUNDLE_IDENTIFIER = com.aurelienwaxin.Reciplease;
				PRODUCT_NAME = "$(TARGET_NAME)";
				SWIFT_EMIT_LOC_STRINGS = YES;
				SWIFT_VERSION = 5.0;
				TARGETED_DEVICE_FAMILY = 1;
			};
			name = Debug;
		};
		2282D8D6279F0E760056D2F3 /* Release */ = {
			isa = XCBuildConfiguration;
			baseConfigurationReference = C3C3412EF0E1F40B168ECEEE /* Pods-Reciplease.release.xcconfig */;
			buildSettings = {
				ASSETCATALOG_COMPILER_APPICON_NAME = AppIcon;
				ASSETCATALOG_COMPILER_GLOBAL_ACCENT_COLOR_NAME = AccentColor;
				CODE_SIGN_STYLE = Automatic;
				CURRENT_PROJECT_VERSION = 1;
				DEVELOPMENT_TEAM = THWH45D288;
				GENERATE_INFOPLIST_FILE = YES;
				INFOPLIST_FILE = Reciplease/Info.plist;
				INFOPLIST_KEY_CFBundleDisplayName = Reciplease;
				INFOPLIST_KEY_UIApplicationSupportsIndirectInputEvents = YES;
				INFOPLIST_KEY_UILaunchStoryboardName = LaunchScreen;
				INFOPLIST_KEY_UIMainStoryboardFile = Main;
				INFOPLIST_KEY_UISupportedInterfaceOrientations = UIInterfaceOrientationPortrait;
				INFOPLIST_KEY_UISupportedInterfaceOrientations_iPad = "UIInterfaceOrientationPortrait UIInterfaceOrientationPortraitUpsideDown UIInterfaceOrientationLandscapeLeft UIInterfaceOrientationLandscapeRight";
				INFOPLIST_KEY_UISupportedInterfaceOrientations_iPhone = "UIInterfaceOrientationPortrait UIInterfaceOrientationLandscapeLeft UIInterfaceOrientationLandscapeRight";
				LD_RUNPATH_SEARCH_PATHS = (
					"$(inherited)",
					"@executable_path/Frameworks",
				);
				MARKETING_VERSION = 1.0;
				PRODUCT_BUNDLE_IDENTIFIER = com.aurelienwaxin.Reciplease;
				PRODUCT_NAME = "$(TARGET_NAME)";
				SWIFT_EMIT_LOC_STRINGS = YES;
				SWIFT_VERSION = 5.0;
				TARGETED_DEVICE_FAMILY = 1;
			};
			name = Release;
		};
		2282D8D8279F0E760056D2F3 /* Debug */ = {
			isa = XCBuildConfiguration;
			baseConfigurationReference = 2E7BAB9BC7D33DDDE10E1E8A /* Pods-RecipleaseTests.debug.xcconfig */;
			buildSettings = {
				ALWAYS_EMBED_SWIFT_STANDARD_LIBRARIES = YES;
				BUNDLE_LOADER = "$(TEST_HOST)";
				CODE_SIGN_STYLE = Automatic;
				CURRENT_PROJECT_VERSION = 1;
				DEVELOPMENT_TEAM = THWH45D288;
				GENERATE_INFOPLIST_FILE = YES;
				IPHONEOS_DEPLOYMENT_TARGET = 15.0;
				LD_RUNPATH_SEARCH_PATHS = (
					"$(inherited)",
					"@executable_path/Frameworks",
					"@loader_path/Frameworks",
				);
				MARKETING_VERSION = 1.0;
				PRODUCT_BUNDLE_IDENTIFIER = com.aurelienwaxin.RecipleaseTests;
				PRODUCT_NAME = "$(TARGET_NAME)";
				SWIFT_EMIT_LOC_STRINGS = NO;
				SWIFT_VERSION = 5.0;
				TARGETED_DEVICE_FAMILY = "1,2";
				TEST_HOST = "$(BUILT_PRODUCTS_DIR)/Reciplease.app/Reciplease";
			};
			name = Debug;
		};
		2282D8D9279F0E760056D2F3 /* Release */ = {
			isa = XCBuildConfiguration;
			baseConfigurationReference = 675E8CBD1E8052C95C308691 /* Pods-RecipleaseTests.release.xcconfig */;
			buildSettings = {
				ALWAYS_EMBED_SWIFT_STANDARD_LIBRARIES = YES;
				BUNDLE_LOADER = "$(TEST_HOST)";
				CODE_SIGN_STYLE = Automatic;
				CURRENT_PROJECT_VERSION = 1;
				DEVELOPMENT_TEAM = THWH45D288;
				GENERATE_INFOPLIST_FILE = YES;
				IPHONEOS_DEPLOYMENT_TARGET = 15.0;
				LD_RUNPATH_SEARCH_PATHS = (
					"$(inherited)",
					"@executable_path/Frameworks",
					"@loader_path/Frameworks",
				);
				MARKETING_VERSION = 1.0;
				PRODUCT_BUNDLE_IDENTIFIER = com.aurelienwaxin.RecipleaseTests;
				PRODUCT_NAME = "$(TARGET_NAME)";
				SWIFT_EMIT_LOC_STRINGS = NO;
				SWIFT_VERSION = 5.0;
				TARGETED_DEVICE_FAMILY = "1,2";
				TEST_HOST = "$(BUILT_PRODUCTS_DIR)/Reciplease.app/Reciplease";
			};
			name = Release;
		};
/* End XCBuildConfiguration section */

/* Begin XCConfigurationList section */
		2282D8A2279F0E750056D2F3 /* Build configuration list for PBXProject "Reciplease" */ = {
			isa = XCConfigurationList;
			buildConfigurations = (
				2282D8D2279F0E760056D2F3 /* Debug */,
				2282D8D3279F0E760056D2F3 /* Release */,
			);
			defaultConfigurationIsVisible = 0;
			defaultConfigurationName = Release;
		};
		2282D8D4279F0E760056D2F3 /* Build configuration list for PBXNativeTarget "Reciplease" */ = {
			isa = XCConfigurationList;
			buildConfigurations = (
				2282D8D5279F0E760056D2F3 /* Debug */,
				2282D8D6279F0E760056D2F3 /* Release */,
			);
			defaultConfigurationIsVisible = 0;
			defaultConfigurationName = Release;
		};
		2282D8D7279F0E760056D2F3 /* Build configuration list for PBXNativeTarget "RecipleaseTests" */ = {
			isa = XCConfigurationList;
			buildConfigurations = (
				2282D8D8279F0E760056D2F3 /* Debug */,
				2282D8D9279F0E760056D2F3 /* Release */,
			);
			defaultConfigurationIsVisible = 0;
			defaultConfigurationName = Release;
		};
/* End XCConfigurationList section */

/* Begin XCVersionGroup section */
		224CC13927E8CB0A00C32D55 /* RecipeData.xcdatamodeld */ = {
			isa = XCVersionGroup;
			children = (
				224CC13A27E8CB0A00C32D55 /* CoreData.xcdatamodel */,
			);
			currentVersion = 224CC13A27E8CB0A00C32D55 /* CoreData.xcdatamodel */;
			path = RecipeData.xcdatamodeld;
			sourceTree = "<group>";
			versionGroupType = wrapper.xcdatamodel;
		};
/* End XCVersionGroup section */
	};
	rootObject = 2282D89F279F0E750056D2F3 /* Project object */;
}
